
Microsoft Visual Studio Solution File, Format Version 12.00
# Visual Studio Version 17
VisualStudioVersion = 17.7.34018.315
MinimumVisualStudioVersion = 10.0.40219.1
Project("{9A19103F-16F7-4668-BE54-9A1E7A4F7556}") = "Clase2", "Clase2.csproj", "{88F47505-8AA3-4CF8-9241-67E069B1DB9F}"
EndProject
Project("{9A19103F-16F7-4668-BE54-9A1E7A4F7556}") = "LibreriaDeClases1", "..\LibreriaDeClases1\LibreriaDeClases1.csproj", "{7EEE747A-790A-4B05-9ABF-866F79F2ADF0}"
EndProject
Project("{2150E333-8FDC-42A3-9474-1A3956D46DE8}") = "Clase_2", "Clase_2", "{FFBEDE07-E74C-422E-BCEC-1ACECF2703F8}"
EndProject
Project("{2150E333-8FDC-42A3-9474-1A3956D46DE8}") = "Clase_4", "Clase_4", "{6AAF1591-F2FC-4C56-9D9B-E94F1EFECF66}"
EndProject
Project("{9A19103F-16F7-4668-BE54-9A1E7A4F7556}") = "Clase_4_Ejercicio_1", "..\Clase_4_Ejercicio_1\Clase_4_Ejercicio_1.csproj", "{4387A6EB-2C7F-4783-8845-7B895012B9E5}"
EndProject
Project("{9A19103F-16F7-4668-BE54-9A1E7A4F7556}") = "LibreriaDeClases_4", "..\LibreriaDeClases_4\LibreriaDeClases_4.csproj", "{01BB27F1-6C7B-4FCF-86B0-76DA6283826C}"
EndProject
Project("{9A19103F-16F7-4668-BE54-9A1E7A4F7556}") = "Clase_4_Ejercicio_2", "..\Clase_4_Ejercicio_2\Clase_4_Ejercicio_2.csproj", "{00085E76-5ED8-4729-A820-3CA64554B023}"
EndProject
Project("{2150E333-8FDC-42A3-9474-1A3956D46DE8}") = "Clase_1", "Clase_1", "{22910A73-2438-4459-862D-13C5DB0ECBDF}"
EndProject
Project("{9A19103F-16F7-4668-BE54-9A1E7A4F7556}") = "Clase_1_Ejercicio_1", "..\Clase_1_Ejercicio_1\Clase_1_Ejercicio_1.csproj", "{F0DEA449-60DD-4EE4-9905-A2096D061638}"
EndProject
Project("{2150E333-8FDC-42A3-9474-1A3956D46DE8}") = "Clase_3", "Clase_3", "{D1AC5B2D-F7EA-4C64-A616-B747490D150A}"
EndProject
Project("{9A19103F-16F7-4668-BE54-9A1E7A4F7556}") = "Clase_3_Ejercicio_1", "..\Clase_3_Ejercicio_1\Clase_3_Ejercicio_1.csproj", "{5E0E2FF7-8C1A-45AA-9B10-D4D6A6AE1917}"
EndProject
Project("{9A19103F-16F7-4668-BE54-9A1E7A4F7556}") = "LibreriaDeClases3", "..\LibreriaDeClases3\LibreriaDeClases3.csproj", "{D7F7E725-0473-44D1-9F87-9A13DA021F3A}"
EndProject
Project("{9A19103F-16F7-4668-BE54-9A1E7A4F7556}") = "LibreriaDeClases2", "..\LibreriaDeClases2\LibreriaDeClases2.csproj", "{A18E262F-6063-46A7-83E1-5AA2DEDE2690}"
EndProject
Project("{9A19103F-16F7-4668-BE54-9A1E7A4F7556}") = "Clase_3_Ejercicio_7", "..\Clase_3_Ejercicio_7\Clase_3_Ejercicio_7.csproj", "{F439D438-F403-48F3-88D6-EAA65BB24B4F}"
EndProject
Project("{2150E333-8FDC-42A3-9474-1A3956D46DE8}") = "Clase_8", "Clase_8", "{99C54EA1-5E31-43F8-8F7E-EB949F80C2E0}"
EndProject
Project("{9A19103F-16F7-4668-BE54-9A1E7A4F7556}") = "Clase_8_Ejercicio_1", "..\Clase_8_Ejercicio_1\Clase_8_Ejercicio_1.csproj", "{F94517EE-F575-4513-AE00-E5D5E17C47B5}"
EndProject
Project("{9A19103F-16F7-4668-BE54-9A1E7A4F7556}") = "LibreriaDeClases8", "..\LibreriaDeClases8\LibreriaDeClases8.csproj", "{1A201A59-432D-4C9F-A59C-338499AEA5EE}"
EndProject
Project("{9A19103F-16F7-4668-BE54-9A1E7A4F7556}") = "Clase_3_Ejercicio_4", "..\Clase_3_Ejercicio_4\Clase_3_Ejercicio_4.csproj", "{231BC8BE-684D-481B-9345-5E902635023D}"
EndProject
Project("{9A19103F-16F7-4668-BE54-9A1E7A4F7556}") = "Billetes", "..\Billetes\Billetes.csproj", "{BC40E9B6-FD99-442C-86E2-6A3A5AC199A5}"
EndProject
Project("{2150E333-8FDC-42A3-9474-1A3956D46DE8}") = "Clase_9", "Clase_9", "{446667F3-92AA-481F-9337-66A22A4093CA}"
EndProject
Project("{9A19103F-16F7-4668-BE54-9A1E7A4F7556}") = "Clase_9_Ejercicio_1", "..\Clase_9_Ejercicio_1\Clase_9_Ejercicio_1.csproj", "{4B142CBD-257B-474B-A27C-FC7BC00503FE}"
EndProject
Project("{9A19103F-16F7-4668-BE54-9A1E7A4F7556}") = "LibreriaDeClases_9", "..\LibreriaDeClases_9\LibreriaDeClases_9.csproj", "{96C6CB26-405C-4797-BA3C-5EFFFC13FDD3}"
EndProject
Project("{FAE04EC0-301F-11D3-BF4B-00C04F79EFBC}") = "Clase_9_Ejercicio_2", "..\Clase_9_Ejercicio_2\Clase_9_Ejercicio_2.csproj", "{378F04CD-F1C1-40A2-9B10-1102506CA337}"
EndProject
Global
	GlobalSection(SolutionConfigurationPlatforms) = preSolution
		Debug|Any CPU = Debug|Any CPU
		Release|Any CPU = Release|Any CPU
	EndGlobalSection
	GlobalSection(ProjectConfigurationPlatforms) = postSolution
		{88F47505-8AA3-4CF8-9241-67E069B1DB9F}.Debug|Any CPU.ActiveCfg = Debug|Any CPU
		{88F47505-8AA3-4CF8-9241-67E069B1DB9F}.Debug|Any CPU.Build.0 = Debug|Any CPU
		{88F47505-8AA3-4CF8-9241-67E069B1DB9F}.Release|Any CPU.ActiveCfg = Release|Any CPU
		{88F47505-8AA3-4CF8-9241-67E069B1DB9F}.Release|Any CPU.Build.0 = Release|Any CPU
		{7EEE747A-790A-4B05-9ABF-866F79F2ADF0}.Debug|Any CPU.ActiveCfg = Debug|Any CPU
		{7EEE747A-790A-4B05-9ABF-866F79F2ADF0}.Debug|Any CPU.Build.0 = Debug|Any CPU
		{7EEE747A-790A-4B05-9ABF-866F79F2ADF0}.Release|Any CPU.ActiveCfg = Release|Any CPU
		{7EEE747A-790A-4B05-9ABF-866F79F2ADF0}.Release|Any CPU.Build.0 = Release|Any CPU
		{4387A6EB-2C7F-4783-8845-7B895012B9E5}.Debug|Any CPU.ActiveCfg = Debug|Any CPU
		{4387A6EB-2C7F-4783-8845-7B895012B9E5}.Debug|Any CPU.Build.0 = Debug|Any CPU
		{4387A6EB-2C7F-4783-8845-7B895012B9E5}.Release|Any CPU.ActiveCfg = Release|Any CPU
		{4387A6EB-2C7F-4783-8845-7B895012B9E5}.Release|Any CPU.Build.0 = Release|Any CPU
		{01BB27F1-6C7B-4FCF-86B0-76DA6283826C}.Debug|Any CPU.ActiveCfg = Debug|Any CPU
		{01BB27F1-6C7B-4FCF-86B0-76DA6283826C}.Debug|Any CPU.Build.0 = Debug|Any CPU
		{01BB27F1-6C7B-4FCF-86B0-76DA6283826C}.Release|Any CPU.ActiveCfg = Release|Any CPU
		{01BB27F1-6C7B-4FCF-86B0-76DA6283826C}.Release|Any CPU.Build.0 = Release|Any CPU
		{00085E76-5ED8-4729-A820-3CA64554B023}.Debug|Any CPU.ActiveCfg = Debug|Any CPU
		{00085E76-5ED8-4729-A820-3CA64554B023}.Debug|Any CPU.Build.0 = Debug|Any CPU
		{00085E76-5ED8-4729-A820-3CA64554B023}.Release|Any CPU.ActiveCfg = Release|Any CPU
		{00085E76-5ED8-4729-A820-3CA64554B023}.Release|Any CPU.Build.0 = Release|Any CPU
		{F0DEA449-60DD-4EE4-9905-A2096D061638}.Debug|Any CPU.ActiveCfg = Debug|Any CPU
		{F0DEA449-60DD-4EE4-9905-A2096D061638}.Debug|Any CPU.Build.0 = Debug|Any CPU
		{F0DEA449-60DD-4EE4-9905-A2096D061638}.Release|Any CPU.ActiveCfg = Release|Any CPU
		{F0DEA449-60DD-4EE4-9905-A2096D061638}.Release|Any CPU.Build.0 = Release|Any CPU
		{5E0E2FF7-8C1A-45AA-9B10-D4D6A6AE1917}.Debug|Any CPU.ActiveCfg = Debug|Any CPU
		{5E0E2FF7-8C1A-45AA-9B10-D4D6A6AE1917}.Debug|Any CPU.Build.0 = Debug|Any CPU
		{5E0E2FF7-8C1A-45AA-9B10-D4D6A6AE1917}.Release|Any CPU.ActiveCfg = Release|Any CPU
		{5E0E2FF7-8C1A-45AA-9B10-D4D6A6AE1917}.Release|Any CPU.Build.0 = Release|Any CPU
		{D7F7E725-0473-44D1-9F87-9A13DA021F3A}.Debug|Any CPU.ActiveCfg = Debug|Any CPU
		{D7F7E725-0473-44D1-9F87-9A13DA021F3A}.Debug|Any CPU.Build.0 = Debug|Any CPU
		{D7F7E725-0473-44D1-9F87-9A13DA021F3A}.Release|Any CPU.ActiveCfg = Release|Any CPU
		{D7F7E725-0473-44D1-9F87-9A13DA021F3A}.Release|Any CPU.Build.0 = Release|Any CPU
		{A18E262F-6063-46A7-83E1-5AA2DEDE2690}.Debug|Any CPU.ActiveCfg = Debug|Any CPU
		{A18E262F-6063-46A7-83E1-5AA2DEDE2690}.Debug|Any CPU.Build.0 = Debug|Any CPU
		{A18E262F-6063-46A7-83E1-5AA2DEDE2690}.Release|Any CPU.ActiveCfg = Release|Any CPU
		{A18E262F-6063-46A7-83E1-5AA2DEDE2690}.Release|Any CPU.Build.0 = Release|Any CPU
		{F439D438-F403-48F3-88D6-EAA65BB24B4F}.Debug|Any CPU.ActiveCfg = Debug|Any CPU
		{F439D438-F403-48F3-88D6-EAA65BB24B4F}.Debug|Any CPU.Build.0 = Debug|Any CPU
		{F439D438-F403-48F3-88D6-EAA65BB24B4F}.Release|Any CPU.ActiveCfg = Release|Any CPU
		{F439D438-F403-48F3-88D6-EAA65BB24B4F}.Release|Any CPU.Build.0 = Release|Any CPU
		{F94517EE-F575-4513-AE00-E5D5E17C47B5}.Debug|Any CPU.ActiveCfg = Debug|Any CPU
		{F94517EE-F575-4513-AE00-E5D5E17C47B5}.Debug|Any CPU.Build.0 = Debug|Any CPU
		{F94517EE-F575-4513-AE00-E5D5E17C47B5}.Release|Any CPU.ActiveCfg = Release|Any CPU
		{F94517EE-F575-4513-AE00-E5D5E17C47B5}.Release|Any CPU.Build.0 = Release|Any CPU
		{1A201A59-432D-4C9F-A59C-338499AEA5EE}.Debug|Any CPU.ActiveCfg = Debug|Any CPU
		{1A201A59-432D-4C9F-A59C-338499AEA5EE}.Debug|Any CPU.Build.0 = Debug|Any CPU
		{1A201A59-432D-4C9F-A59C-338499AEA5EE}.Release|Any CPU.ActiveCfg = Release|Any CPU
		{1A201A59-432D-4C9F-A59C-338499AEA5EE}.Release|Any CPU.Build.0 = Release|Any CPU
		{231BC8BE-684D-481B-9345-5E902635023D}.Debug|Any CPU.ActiveCfg = Debug|Any CPU
		{231BC8BE-684D-481B-9345-5E902635023D}.Debug|Any CPU.Build.0 = Debug|Any CPU
		{231BC8BE-684D-481B-9345-5E902635023D}.Release|Any CPU.ActiveCfg = Release|Any CPU
		{231BC8BE-684D-481B-9345-5E902635023D}.Release|Any CPU.Build.0 = Release|Any CPU
		{BC40E9B6-FD99-442C-86E2-6A3A5AC199A5}.Debug|Any CPU.ActiveCfg = Debug|Any CPU
		{BC40E9B6-FD99-442C-86E2-6A3A5AC199A5}.Debug|Any CPU.Build.0 = Debug|Any CPU
		{BC40E9B6-FD99-442C-86E2-6A3A5AC199A5}.Release|Any CPU.ActiveCfg = Release|Any CPU
		{BC40E9B6-FD99-442C-86E2-6A3A5AC199A5}.Release|Any CPU.Build.0 = Release|Any CPU
		{4B142CBD-257B-474B-A27C-FC7BC00503FE}.Debug|Any CPU.ActiveCfg = Debug|Any CPU
		{4B142CBD-257B-474B-A27C-FC7BC00503FE}.Debug|Any CPU.Build.0 = Debug|Any CPU
		{4B142CBD-257B-474B-A27C-FC7BC00503FE}.Release|Any CPU.ActiveCfg = Release|Any CPU
		{4B142CBD-257B-474B-A27C-FC7BC00503FE}.Release|Any CPU.Build.0 = Release|Any CPU
		{96C6CB26-405C-4797-BA3C-5EFFFC13FDD3}.Debug|Any CPU.ActiveCfg = Debug|Any CPU
		{96C6CB26-405C-4797-BA3C-5EFFFC13FDD3}.Debug|Any CPU.Build.0 = Debug|Any CPU
		{96C6CB26-405C-4797-BA3C-5EFFFC13FDD3}.Release|Any CPU.ActiveCfg = Release|Any CPU
		{96C6CB26-405C-4797-BA3C-5EFFFC13FDD3}.Release|Any CPU.Build.0 = Release|Any CPU
		{378F04CD-F1C1-40A2-9B10-1102506CA337}.Debug|Any CPU.ActiveCfg = Debug|Any CPU
		{378F04CD-F1C1-40A2-9B10-1102506CA337}.Debug|Any CPU.Build.0 = Debug|Any CPU
		{378F04CD-F1C1-40A2-9B10-1102506CA337}.Release|Any CPU.ActiveCfg = Release|Any CPU
		{378F04CD-F1C1-40A2-9B10-1102506CA337}.Release|Any CPU.Build.0 = Release|Any CPU
	EndGlobalSection
	GlobalSection(SolutionProperties) = preSolution
		HideSolutionNode = FALSE
	EndGlobalSection
	GlobalSection(NestedProjects) = preSolution
		{88F47505-8AA3-4CF8-9241-67E069B1DB9F} = {FFBEDE07-E74C-422E-BCEC-1ACECF2703F8}
		{7EEE747A-790A-4B05-9ABF-866F79F2ADF0} = {FFBEDE07-E74C-422E-BCEC-1ACECF2703F8}
		{4387A6EB-2C7F-4783-8845-7B895012B9E5} = {6AAF1591-F2FC-4C56-9D9B-E94F1EFECF66}
		{01BB27F1-6C7B-4FCF-86B0-76DA6283826C} = {6AAF1591-F2FC-4C56-9D9B-E94F1EFECF66}
		{00085E76-5ED8-4729-A820-3CA64554B023} = {6AAF1591-F2FC-4C56-9D9B-E94F1EFECF66}
		{F0DEA449-60DD-4EE4-9905-A2096D061638} = {22910A73-2438-4459-862D-13C5DB0ECBDF}
		{5E0E2FF7-8C1A-45AA-9B10-D4D6A6AE1917} = {D1AC5B2D-F7EA-4C64-A616-B747490D150A}
		{D7F7E725-0473-44D1-9F87-9A13DA021F3A} = {D1AC5B2D-F7EA-4C64-A616-B747490D150A}
		{A18E262F-6063-46A7-83E1-5AA2DEDE2690} = {22910A73-2438-4459-862D-13C5DB0ECBDF}
		{F439D438-F403-48F3-88D6-EAA65BB24B4F} = {D1AC5B2D-F7EA-4C64-A616-B747490D150A}
		{F94517EE-F575-4513-AE00-E5D5E17C47B5} = {99C54EA1-5E31-43F8-8F7E-EB949F80C2E0}
		{1A201A59-432D-4C9F-A59C-338499AEA5EE} = {99C54EA1-5E31-43F8-8F7E-EB949F80C2E0}
		{231BC8BE-684D-481B-9345-5E902635023D} = {D1AC5B2D-F7EA-4C64-A616-B747490D150A}
		{BC40E9B6-FD99-442C-86E2-6A3A5AC199A5} = {6AAF1591-F2FC-4C56-9D9B-E94F1EFECF66}
		{4B142CBD-257B-474B-A27C-FC7BC00503FE} = {446667F3-92AA-481F-9337-66A22A4093CA}
		{96C6CB26-405C-4797-BA3C-5EFFFC13FDD3} = {446667F3-92AA-481F-9337-66A22A4093CA}
	EndGlobalSection
	GlobalSection(ExtensibilityGlobals) = postSolution
		SolutionGuid = {073D48CF-36DE-4D94-BBBA-0D3FDD7D30DE}
	EndGlobalSection
EndGlobal
